
Microsoft Visual Studio Solution File, Format Version 12.00
# Visual Studio Version 17
VisualStudioVersion = 17.7.34018.315
MinimumVisualStudioVersion = 10.0.40219.1
Project("{FAE04EC0-301F-11D3-BF4B-00C04F79EFBC}") = "S14Lab WF", "S14LLab14_u202010338\S14Lab WF.csproj", "{9B579321-7B50-4460-8ACC-05E7BAC86937}"
EndProject
Project("{2150E333-8FDC-42A3-9474-1A3956D46DE8}") = "00 Entities", "00 Entities", "{5F123398-296E-4DE2-ADF9-6C72EA01FEE0}"
EndProject
Project("{2150E333-8FDC-42A3-9474-1A3956D46DE8}") = "01  Data Access", "01  Data Access", "{1AAA44BA-C287-43C3-80AF-FC5D37AE1446}"
EndProject
Project("{2150E333-8FDC-42A3-9474-1A3956D46DE8}") = "02 Business Logic", "02 Business Logic", "{E5F41C95-AB51-44A0-B2AB-DC2537351AB5}"
EndProject
Project("{2150E333-8FDC-42A3-9474-1A3956D46DE8}") = "03 Presentation Layer", "03 Presentation Layer", "{821C48CA-D7FB-4867-9EE5-268FF1981690}"
EndProject
Project("{FAE04EC0-301F-11D3-BF4B-00C04F79EFBC}") = "S14Lab BL", "S14Lab BL\S14Lab BL.csproj", "{A5305F12-7C36-48FA-AC2F-D65518D0B082}"
EndProject
Project("{FAE04EC0-301F-11D3-BF4B-00C04F79EFBC}") = "S14Lab DA", "S14Lab DA\S14Lab DA.csproj", "{0B547D0F-2EDB-4BB9-9399-AB8283BB178B}"
EndProject
Project("{FAE04EC0-301F-11D3-BF4B-00C04F79EFBC}") = "S14Lab BE", "S14Lab BE\S14Lab BE.csproj", "{5A0496F4-1708-42D8-BD45-E83B101799FD}"
EndProject
Project("{FAE04EC0-301F-11D3-BF4B-00C04F79EFBC}") = "S14Lab EF", "S14Lab EF\S14Lab EF.csproj", "{8AF24CB6-2D64-4DFD-8155-FB5071580ED4}"
EndProject
Global
	GlobalSection(SolutionConfigurationPlatforms) = preSolution
		Debug|Any CPU = Debug|Any CPU
		Release|Any CPU = Release|Any CPU
	EndGlobalSection
	GlobalSection(ProjectConfigurationPlatforms) = postSolution
		{9B579321-7B50-4460-8ACC-05E7BAC86937}.Debug|Any CPU.ActiveCfg = Debug|Any CPU
		{9B579321-7B50-4460-8ACC-05E7BAC86937}.Debug|Any CPU.Build.0 = Debug|Any CPU
		{9B579321-7B50-4460-8ACC-05E7BAC86937}.Release|Any CPU.ActiveCfg = Release|Any CPU
		{9B579321-7B50-4460-8ACC-05E7BAC86937}.Release|Any CPU.Build.0 = Release|Any CPU
		{A5305F12-7C36-48FA-AC2F-D65518D0B082}.Debug|Any CPU.ActiveCfg = Debug|Any CPU
		{A5305F12-7C36-48FA-AC2F-D65518D0B082}.Debug|Any CPU.Build.0 = Debug|Any CPU
		{A5305F12-7C36-48FA-AC2F-D65518D0B082}.Release|Any CPU.ActiveCfg = Release|Any CPU
		{A5305F12-7C36-48FA-AC2F-D65518D0B082}.Release|Any CPU.Build.0 = Release|Any CPU
		{0B547D0F-2EDB-4BB9-9399-AB8283BB178B}.Debug|Any CPU.ActiveCfg = Debug|Any CPU
		{0B547D0F-2EDB-4BB9-9399-AB8283BB178B}.Debug|Any CPU.Build.0 = Debug|Any CPU
		{0B547D0F-2EDB-4BB9-9399-AB8283BB178B}.Release|Any CPU.ActiveCfg = Release|Any CPU
		{0B547D0F-2EDB-4BB9-9399-AB8283BB178B}.Release|Any CPU.Build.0 = Release|Any CPU
		{5A0496F4-1708-42D8-BD45-E83B101799FD}.Debug|Any CPU.ActiveCfg = Debug|Any CPU
		{5A0496F4-1708-42D8-BD45-E83B101799FD}.Debug|Any CPU.Build.0 = Debug|Any CPU
		{5A0496F4-1708-42D8-BD45-E83B101799FD}.Release|Any CPU.ActiveCfg = Release|Any CPU
		{5A0496F4-1708-42D8-BD45-E83B101799FD}.Release|Any CPU.Build.0 = Release|Any CPU
		{8AF24CB6-2D64-4DFD-8155-FB5071580ED4}.Debug|Any CPU.ActiveCfg = Debug|Any CPU
		{8AF24CB6-2D64-4DFD-8155-FB5071580ED4}.Debug|Any CPU.Build.0 = Debug|Any CPU
		{8AF24CB6-2D64-4DFD-8155-FB5071580ED4}.Release|Any CPU.ActiveCfg = Release|Any CPU
		{8AF24CB6-2D64-4DFD-8155-FB5071580ED4}.Release|Any CPU.Build.0 = Release|Any CPU
	EndGlobalSection
	GlobalSection(SolutionProperties) = preSolution
		HideSolutionNode = FALSE
	EndGlobalSection
	GlobalSection(NestedProjects) = preSolution
		{9B579321-7B50-4460-8ACC-05E7BAC86937} = {821C48CA-D7FB-4867-9EE5-268FF1981690}
		{A5305F12-7C36-48FA-AC2F-D65518D0B082} = {E5F41C95-AB51-44A0-B2AB-DC2537351AB5}
		{0B547D0F-2EDB-4BB9-9399-AB8283BB178B} = {1AAA44BA-C287-43C3-80AF-FC5D37AE1446}
		{5A0496F4-1708-42D8-BD45-E83B101799FD} = {5F123398-296E-4DE2-ADF9-6C72EA01FEE0}
		{8AF24CB6-2D64-4DFD-8155-FB5071580ED4} = {5F123398-296E-4DE2-ADF9-6C72EA01FEE0}
	EndGlobalSection
	GlobalSection(ExtensibilityGlobals) = postSolution
		SolutionGuid = {959565A0-6317-4B5E-BA6E-0782E1834063}
	EndGlobalSection
EndGlobal
